
Microsoft Visual Studio Solution File, Format Version 12.00
# Visual Studio Version 16
VisualStudioVersion = 16.0.30011.22
MinimumVisualStudioVersion = 10.0.40219.1
Project("{FAE04EC0-301F-11D3-BF4B-00C04F79EFBC}") = "XemBanDo", "XemBanDo.csproj", "{6E528378-6011-42A7-BDA2-8859810316DD}"
EndProject
Global
	GlobalSection(SolutionConfigurationPlatforms) = preSolution
		Debug|Any CPU = Debug|Any CPU
		Release|Any CPU = Release|Any CPU
	EndGlobalSection
	GlobalSection(ProjectConfigurationPlatforms) = postSolution
		{6E528378-6011-42A7-BDA2-8859810316DD}.Debug|Any CPU.ActiveCfg = Debug|Any CPU
		{6E528378-6011-42A7-BDA2-8859810316DD}.Debug|Any CPU.Build.0 = Debug|Any CPU
		{6E528378-6011-42A7-BDA2-8859810316DD}.Release|Any CPU.ActiveCfg = Release|Any CPU
		{6E528378-6011-42A7-BDA2-8859810316DD}.Release|Any CPU.Build.0 = Release|Any CPU
	EndGlobalSection
	GlobalSection(SolutionProperties) = preSolution
		HideSolutionNode = FALSE
	EndGlobalSection
	GlobalSection(ExtensibilityGlobals) = postSolution
		SolutionGuid = {58490F7D-49CC-493A-9215-6545497F7DAA}
	EndGlobalSection
EndGlobal
